<?xml version="1.0" encoding="utf-8"?>
<Project ToolsVersion="4.0" xmlns="http://schemas.microsoft.com/developer/msbuild/2003">
  <ItemGroup>
    <ClCompile Include="..\..\ccon_tests.cpp" />
    <ClCompile Include="..\..\test_util.cpp" />
    <ClCompile Include="..\..\preferences_tests.cpp" />
    <ClCompile Include="..\..\formatting_tests.cpp" />
    <ClCompile Include="..\..\console_util_tests.cpp" />
    <ClCompile Include="..\..\cmd_spec_tests.cpp" />
    <ClCompile Include="..\..\cmd_parser_tests.cpp" />
    <ClCompile Include="..\..\cmd_depot_tests.cpp" />
    <ClCompile Include="..\..\blackboard_tests.cpp" />
    <ClCompile Include="..\..\auto_completion_tests.cpp" />
  </ItemGroup>
  <ItemGroup>
    <ClInclude Include="..\..\test_util.h" />
    <ClInclude Include="..\..\preferences_tests.h" />
    <ClInclude Include="..\..\formatting_tests.h" />
    <ClInclude Include="..\..\console_util_tests.h" />
    <ClInclude Include="..\..\cmd_spec_tests.h" />
    <ClInclude Include="..\..\cmd_parser_tests.h" />
    <ClInclude Include="..\..\cmd_depot_tests.h" />
    <ClInclude Include="..\..\blackboard_tests.h" />
    <ClInclude Include="..\..\auto_completion_tests.h" />
  </ItemGroup>
</Project>